hash: 68c420ea70dee765fffaf70bfef1a3fda8bc5809d838bc7682f03a9fb4926eac
updated: 2018-11-13T17:44:58.882829792+01:00
imports:
- name: github.com/deckarep/golang-set
  version: 699df6a3acf6867538e50931511e9dc403da108a
- name: github.com/gammazero/nexus
  version: b853700ed7b9825090a83816901f0104a2425486
  repo: https://github.com/EmbeddedEnterprises/nexus.git
  vcs: git
  subpackages:
  - client
  - router
  - router/auth
  - stdlog
  - transport
  - transport/serialize
  - wamp
  - wamp/crsign
- name: github.com/gorilla/websocket
  version: 483fb8d7c32fcb4b5636cd293a92e3935932e2f4
- name: github.com/op/go-logging
  version: 970db520ece77730c7e4724c61121037378659d9
- name: github.com/spf13/pflag
  version: 454a7fbb95f91e2b48adee781b0b02496988da92
- name: github.com/ugorji/go
  version: e5e69e061d4f7ee3a69b793cf9c1b41afe21918e
  subpackages:
  - codec
- name: golang.org/x/crypto
  version: e4dc69e5b2fd71dcaf8bd5d054eb936deb78d1fa
  subpackages:
  - pbkdf2
testImports: []
