hash: 0c1d55f5cb17398d2f76094bc5f47051ec0c4dbeda37ff0044589cc88e1ad9c5
updated: 2018-10-18T15:35:57.669274568+02:00
imports:
- name: github.com/cornelk/hashmap
  version: a8997b175649bec70bbf8f582622a4e2b18b5fd1
- name: github.com/dchest/siphash
  version: 34f201214d993633bb24f418ba11736ab8b55aa7
- name: github.com/deckarep/golang-set
  version: cbaa98ba5575e67703b32b4b19f73c91f3c4159e
- name: github.com/gammazero/nexus
  version: bdde862bec3d773dda032a90dec430b1f2532d48
  repo: https://github.com/jwuensche/nexus
  vcs: git
  subpackages:
  - client
  - metrics
  - router
  - router/auth
  - stdlog
  - transport
  - transport/serialize
  - wamp
  - wamp/crsign
- name: github.com/gorilla/websocket
  version: 3130e8d3f1986de7dc3fd86255f4ce9618677508
- name: github.com/op/go-logging
  version: 970db520ece77730c7e4724c61121037378659d9
- name: github.com/spf13/pflag
  version: 298182f68c66c05229eb03ac171abe6e309ee79a
- name: github.com/ugorji/go
  version: 2c86ab75771cd005aba08da133ce0565a19c2587
  subpackages:
  - codec
- name: golang.org/x/crypto
  version: 0e37d006457bf46f9e6692014ba72ef82c33022c
  subpackages:
  - pbkdf2
testImports: []
